
Microsoft Visual Studio Solution File, Format Version 12.00
# Visual Studio Version 16
VisualStudioVersion = 16.0.30804.86
MinimumVisualStudioVersion = 10.0.40219.1
Project("{FAE04EC0-301F-11D3-BF4B-00C04F79EFBC}") = "Client", "Client\Client.csproj", "{61A03ADD-88F5-4B90-8990-02F47FE1816E}"
EndProject
Project("{FAE04EC0-301F-11D3-BF4B-00C04F79EFBC}") = "API", "API\API.csproj", "{A1B610B2-9EF9-4ECC-BB88-F53BBDFD3100}"
EndProject
Global
	GlobalSection(SolutionConfigurationPlatforms) = preSolution
		Debug|Any CPU = Debug|Any CPU
		Release|Any CPU = Release|Any CPU
	EndGlobalSection
	GlobalSection(ProjectConfigurationPlatforms) = postSolution
		{61A03ADD-88F5-4B90-8990-02F47FE1816E}.Debug|Any CPU.ActiveCfg = Debug|Any CPU
		{61A03ADD-88F5-4B90-8990-02F47FE1816E}.Debug|Any CPU.Build.0 = Debug|Any CPU
		{61A03ADD-88F5-4B90-8990-02F47FE1816E}.Release|Any CPU.ActiveCfg = Release|Any CPU
		{61A03ADD-88F5-4B90-8990-02F47FE1816E}.Release|Any CPU.Build.0 = Release|Any CPU
		{A1B610B2-9EF9-4ECC-BB88-F53BBDFD3100}.Debug|Any CPU.ActiveCfg = Debug|Any CPU
		{A1B610B2-9EF9-4ECC-BB88-F53BBDFD3100}.Debug|Any CPU.Build.0 = Debug|Any CPU
		{A1B610B2-9EF9-4ECC-BB88-F53BBDFD3100}.Release|Any CPU.ActiveCfg = Release|Any CPU
		{A1B610B2-9EF9-4ECC-BB88-F53BBDFD3100}.Release|Any CPU.Build.0 = Release|Any CPU
	EndGlobalSection
	GlobalSection(SolutionProperties) = preSolution
		HideSolutionNode = FALSE
	EndGlobalSection
	GlobalSection(ExtensibilityGlobals) = postSolution
		SolutionGuid = {2551795E-CC02-482C-B7AB-F8891FE78B29}
	EndGlobalSection
EndGlobal
